<?xml version="1.0" encoding="utf-8"?>
<Project ToolsVersion="4.0" xmlns="http://schemas.microsoft.com/developer/msbuild/2003">
  <ItemGroup>
    <ClCompile Include="Container.cpp" />
    <ClCompile Include="GameContainer.cpp" />
    <ClCompile Include="LogoContainer.cpp" />
    <ClCompile Include="main.cpp" />
    <ClCompile Include="OddContainer.cpp" />
    <ClCompile Include="OddTetromino.cpp" />
    <ClCompile Include="SelectLevelContainer.cpp" />
    <ClCompile Include="SelectModeContainer.cpp" />
    <ClCompile Include="Stage.cpp" />
    <ClCompile Include="StoryContainer.cpp" />
    <ClCompile Include="test_main.cpp" />
    <ClCompile Include="tetrisCreatedByC.c" />
    <ClCompile Include="TetrisPlayer.cpp" />
    <ClCompile Include="Tetromino.cpp" />
    <ClCompile Include="소스.cpp" />
    <ClCompile Include="RandomFieldContainer.cpp" />
  </ItemGroup>
  <ItemGroup>
    <ClInclude Include="Container.h" />
    <ClInclude Include="GameContainer.h" />
    <ClInclude Include="LogoContainer.h" />
    <ClInclude Include="OddContainer.h" />
    <ClInclude Include="OddTetromino.h" />
    <ClInclude Include="SelectLevelContainer.h" />
    <ClInclude Include="SelectModeContainer.h" />
    <ClInclude Include="Stage.h" />
    <ClInclude Include="StoryContainer.h" />
    <ClInclude Include="TetrisPlayer.h" />
    <ClInclude Include="Tetromino.h" />
    <ClInclude Include="RandomFieldContainer.h" />
  </ItemGroup>
</Project>