<?xml version="1.0" encoding="utf-8"?>
<Project ToolsVersion="4.0" xmlns="http://schemas.microsoft.com/developer/msbuild/2003">
  <ItemGroup>
    <ClCompile Include="Container.cpp">
      <Filter>소스 파일</Filter>
    </ClCompile>
    <ClCompile Include="GameContainer.cpp">
      <Filter>소스 파일</Filter>
    </ClCompile>
    <ClCompile Include="LogoContainer.cpp">
      <Filter>소스 파일</Filter>
    </ClCompile>
    <ClCompile Include="OddContainer.cpp">
      <Filter>소스 파일</Filter>
    </ClCompile>
    <ClCompile Include="main.cpp">
      <Filter>소스 파일</Filter>
    </ClCompile>
    <ClCompile Include="OddTetromino.cpp">
      <Filter>소스 파일</Filter>
    </ClCompile>
    <ClCompile Include="RandomFieldContainer.cpp">
      <Filter>소스 파일</Filter>
    </ClCompile>
    <ClCompile Include="SelectLevelContainer.cpp">
      <Filter>소스 파일</Filter>
    </ClCompile>
    <ClCompile Include="SelectModeContainer.cpp">
      <Filter>소스 파일</Filter>
    </ClCompile>
    <ClCompile Include="StoryContainer.cpp">
      <Filter>소스 파일</Filter>
    </ClCompile>
    <ClCompile Include="test_main.cpp">
      <Filter>소스 파일</Filter>
    </ClCompile>
    <ClCompile Include="TetrisPlayer.cpp">
      <Filter>소스 파일</Filter>
    </ClCompile>
    <ClCompile Include="Tetromino.cpp">
      <Filter>소스 파일</Filter>
    </ClCompile>
    <ClCompile Include="소스.cpp">
      <Filter>소스 파일</Filter>
    </ClCompile>
    <ClCompile Include="Stage.cpp">
      <Filter>소스 파일</Filter>
    </ClCompile>
    <ClCompile Include="tetrisCreatedByC.c">
      <Filter>소스 파일</Filter>
    </ClCompile>
    <ClCompile Include="SpeedContainer.cpp" />
  </ItemGroup>
  <ItemGroup>
    <ClInclude Include="Container.h">
      <Filter>헤더 파일</Filter>
    </ClInclude>
    <ClInclude Include="GameContainer.h">
      <Filter>헤더 파일</Filter>
    </ClInclude>
    <ClInclude Include="LogoContainer.h">
      <Filter>헤더 파일</Filter>
    </ClInclude>
    <ClInclude Include="OddContainer.h">
      <Filter>헤더 파일</Filter>
    </ClInclude>
    <ClInclude Include="OddTetromino.h">
      <Filter>헤더 파일</Filter>
    </ClInclude>
    <ClInclude Include="RandomFieldContainer.h">
      <Filter>헤더 파일</Filter>
    </ClInclude>
    <ClInclude Include="SelectLevelContainer.h">
      <Filter>헤더 파일</Filter>
    </ClInclude>
    <ClInclude Include="SelectModeContainer.h">
      <Filter>헤더 파일</Filter>
    </ClInclude>
    <ClInclude Include="Stage.h">
      <Filter>헤더 파일</Filter>
    </ClInclude>
    <ClInclude Include="StoryContainer.h">
      <Filter>헤더 파일</Filter>
    </ClInclude>
    <ClInclude Include="TetrisPlayer.h">
      <Filter>헤더 파일</Filter>
    </ClInclude>
    <ClInclude Include="Tetromino.h">
      <Filter>헤더 파일</Filter>
    </ClInclude>
    <ClInclude Include="BgmPlayer.h">
      <Filter>헤더 파일</Filter>
    </ClInclude>
    <ClInclude Include="SpeedContainer.h" />
  </ItemGroup>
  <ItemGroup>
    <Filter Include="소스 파일">
      <UniqueIdentifier>{5fb318a1-76a5-4ca4-b27e-779d248db24e}</UniqueIdentifier>
    </Filter>
    <Filter Include="헤더 파일">
      <UniqueIdentifier>{cb0c545a-f218-4c8b-9903-2d89881cdcd9}</UniqueIdentifier>
    </Filter>
  </ItemGroup>
</Project>